github.com/hugoinaction/Acme v0.8.0 h1:obxF5cm46TFfYzt2HM21GLXhtdo5iB7CAbTPahUpLuo=
github.com/hugoinaction/Acme v0.8.0/go.mod h1:dCnCV5Z5JlT9rpCsMZIUnF8AOIJjfsXPYtjvHWu19Ws=
github.com/hugoinaction/Eclectic v0.0.0-20200621235354-172e9fa25e00 h1:ISgET3LgKA1L53pFuV45sRhqoAglzJ0mosOH+DVB6kQ=
github.com/hugoinaction/Eclectic v0.0.0-20200621235354-172e9fa25e00/go.mod h1:z4ORsG6K5BF+U3ssVkl+7kzy770SWHxNXfWYzdQrqGc=
github.com/hugoinaction/Resources v0.8.0/go.mod h1:4QxFKDTfHDA4Ylif1aM/ea5IFtOXGWKuAcD0czC/0I8=
github.com/hugoinaction/Universal v0.0.0-20200531054653-981b361628dc h1:+5xGXk62LMfvgMxtD1xDwtUGBaEQG81s7mzKtGlXWxQ=
github.com/hugoinaction/Universal v0.0.0-20200531054653-981b361628dc/go.mod h1:tn5626W3c7g5nJ84Hsoe7/Oj1vT5D7xe9yyNhMe72X8=
